// !$*UTF8*$!
{
	archiveVersion = 1;
	classes = {
	};
	objectVersion = 50;
	objects = {

/* Begin PBXBuildFile section */
		FC3B304323184F2900FA66F0 /* AppDelegate.swift in Sources */ = {isa = PBXBuildFile; fileRef = FC3B304223184F2900FA66F0 /* AppDelegate.swift */; };
		FC3B304823184F2900FA66F0 /* Main.storyboard in Resources */ = {isa = PBXBuildFile; fileRef = FC3B304623184F2900FA66F0 /* Main.storyboard */; };
		FC3B304A23184F2B00FA66F0 /* Assets.xcassets in Resources */ = {isa = PBXBuildFile; fileRef = FC3B304923184F2B00FA66F0 /* Assets.xcassets */; };
		FC3B304D23184F2B00FA66F0 /* LaunchScreen.storyboard in Resources */ = {isa = PBXBuildFile; fileRef = FC3B304B23184F2B00FA66F0 /* LaunchScreen.storyboard */; };
		FC3B305823184F2B00FA66F0 /* lab_unit_testingTests.swift in Sources */ = {isa = PBXBuildFile; fileRef = FC3B305723184F2B00FA66F0 /* lab_unit_testingTests.swift */; };
		FC3B306323184FFD00FA66F0 /* RandomJokeViewController.swift in Sources */ = {isa = PBXBuildFile; fileRef = FC3B306223184FFD00FA66F0 /* RandomJokeViewController.swift */; };
		FC3B30672318506700FA66F0 /* Joke.swift in Sources */ = {isa = PBXBuildFile; fileRef = FC3B30662318506700FA66F0 /* Joke.swift */; };
		FC3B306A2318513400FA66F0 /* joke.json in Resources */ = {isa = PBXBuildFile; fileRef = FC3B30692318513300FA66F0 /* joke.json */; };
		FC3B306C2318518F00FA66F0 /* Joke.swift in Sources */ = {isa = PBXBuildFile; fileRef = FC3B30662318506700FA66F0 /* Joke.swift */; };
		FC3B306E23185B5B00FA66F0 /* starwars.json in Resources */ = {isa = PBXBuildFile; fileRef = FC3B306D23185B5B00FA66F0 /* starwars.json */; };
		FC3B307023185BE800FA66F0 /* StarWars.swift in Sources */ = {isa = PBXBuildFile; fileRef = FC3B306F23185BE800FA66F0 /* StarWars.swift */; };
		FC3B30712318606300FA66F0 /* StarWars.swift in Sources */ = {isa = PBXBuildFile; fileRef = FC3B306F23185BE800FA66F0 /* StarWars.swift */; };
		FC3B3073231861D200FA66F0 /* randomfacts.json in Resources */ = {isa = PBXBuildFile; fileRef = FC3B3072231861D200FA66F0 /* randomfacts.json */; };
		FC3B3075231861E600FA66F0 /* RandomFacts.swift in Sources */ = {isa = PBXBuildFile; fileRef = FC3B3074231861E600FA66F0 /* RandomFacts.swift */; };
		FC3B30762318628D00FA66F0 /* RandomFacts.swift in Sources */ = {isa = PBXBuildFile; fileRef = FC3B3074231861E600FA66F0 /* RandomFacts.swift */; };
/* End PBXBuildFile section */

/* Begin PBXContainerItemProxy section */
		FC3B305423184F2B00FA66F0 /* PBXContainerItemProxy */ = {
			isa = PBXContainerItemProxy;
			containerPortal = FC3B303723184F2800FA66F0 /* Project object */;
			proxyType = 1;
			remoteGlobalIDString = FC3B303E23184F2800FA66F0;
			remoteInfo = "lab-unit-testing";
		};
/* End PBXContainerItemProxy section */

/* Begin PBXFileReference section */
		FC3B303F23184F2900FA66F0 /* lab-unit-testing.app */ = {isa = PBXFileReference; explicitFileType = wrapper.application; includeInIndex = 0; path = "lab-unit-testing.app"; sourceTree = BUILT_PRODUCTS_DIR; };
		FC3B304223184F2900FA66F0 /* AppDelegate.swift */ = {isa = PBXFileReference; lastKnownFileType = sourcecode.swift; path = AppDelegate.swift; sourceTree = "<group>"; };
		FC3B304723184F2900FA66F0 /* Base */ = {isa = PBXFileReference; lastKnownFileType = file.storyboard; name = Base; path = Base.lproj/Main.storyboard; sourceTree = "<group>"; };
		FC3B304923184F2B00FA66F0 /* Assets.xcassets */ = {isa = PBXFileReference; lastKnownFileType = folder.assetcatalog; path = Assets.xcassets; sourceTree = "<group>"; };
		FC3B304C23184F2B00FA66F0 /* Base */ = {isa = PBXFileReference; lastKnownFileType = file.storyboard; name = Base; path = Base.lproj/LaunchScreen.storyboard; sourceTree = "<group>"; };
		FC3B304E23184F2B00FA66F0 /* Info.plist */ = {isa = PBXFileReference; lastKnownFileType = text.plist.xml; path = Info.plist; sourceTree = "<group>"; };
		FC3B305323184F2B00FA66F0 /* lab-unit-testingTests.xctest */ = {isa = PBXFileReference; explicitFileType = wrapper.cfbundle; includeInIndex = 0; path = "lab-unit-testingTests.xctest"; sourceTree = BUILT_PRODUCTS_DIR; };
		FC3B305723184F2B00FA66F0 /* lab_unit_testingTests.swift */ = {isa = PBXFileReference; lastKnownFileType = sourcecode.swift; path = lab_unit_testingTests.swift; sourceTree = "<group>"; };
		FC3B305923184F2B00FA66F0 /* Info.plist */ = {isa = PBXFileReference; lastKnownFileType = text.plist.xml; path = Info.plist; sourceTree = "<group>"; };
		FC3B306223184FFD00FA66F0 /* RandomJokeViewController.swift */ = {isa = PBXFileReference; lastKnownFileType = sourcecode.swift; path = RandomJokeViewController.swift; sourceTree = "<group>"; };
		FC3B30662318506700FA66F0 /* Joke.swift */ = {isa = PBXFileReference; lastKnownFileType = sourcecode.swift; path = Joke.swift; sourceTree = "<group>"; };
		FC3B30692318513300FA66F0 /* joke.json */ = {isa = PBXFileReference; fileEncoding = 4; lastKnownFileType = text.json; path = joke.json; sourceTree = "<group>"; };
		FC3B306D23185B5B00FA66F0 /* starwars.json */ = {isa = PBXFileReference; fileEncoding = 4; lastKnownFileType = text.json; path = starwars.json; sourceTree = "<group>"; };
		FC3B306F23185BE800FA66F0 /* StarWars.swift */ = {isa = PBXFileReference; lastKnownFileType = sourcecode.swift; path = StarWars.swift; sourceTree = "<group>"; };
		FC3B3072231861D200FA66F0 /* randomfacts.json */ = {isa = PBXFileReference; fileEncoding = 4; lastKnownFileType = text.json; name = randomfacts.json; path = ../../../randomfacts.json; sourceTree = "<group>"; };
		FC3B3074231861E600FA66F0 /* RandomFacts.swift */ = {isa = PBXFileReference; lastKnownFileType = sourcecode.swift; path = RandomFacts.swift; sourceTree = "<group>"; };
/* End PBXFileReference section */

/* Begin PBXFrameworksBuildPhase section */
		FC3B303C23184F2800FA66F0 /* Frameworks */ = {
			isa = PBXFrameworksBuildPhase;
			buildActionMask = 2147483647;
			files = (
			);
			runOnlyForDeploymentPostprocessing = 0;
		};
		FC3B305023184F2B00FA66F0 /* Frameworks */ = {
			isa = PBXFrameworksBuildPhase;
			buildActionMask = 2147483647;
			files = (
			);
			runOnlyForDeploymentPostprocessing = 0;
		};
/* End PBXFrameworksBuildPhase section */

/* Begin PBXGroup section */
		FC3B303623184F2800FA66F0 = {
			isa = PBXGroup;
			children = (
				FC3B304123184F2900FA66F0 /* lab-unit-testing */,
				FC3B305623184F2B00FA66F0 /* lab-unit-testingTests */,
				FC3B304023184F2900FA66F0 /* Products */,
			);
			sourceTree = "<group>";
		};
		FC3B304023184F2900FA66F0 /* Products */ = {
			isa = PBXGroup;
			children = (
				FC3B303F23184F2900FA66F0 /* lab-unit-testing.app */,
				FC3B305323184F2B00FA66F0 /* lab-unit-testingTests.xctest */,
			);
			name = Products;
			sourceTree = "<group>";
		};
		FC3B304123184F2900FA66F0 /* lab-unit-testing */ = {
			isa = PBXGroup;
			children = (
				FC3B306B2318513700FA66F0 /* json */,
				FC3B30682318507900FA66F0 /* Models */,
				FC3B30652318504E00FA66F0 /* Supporting Files */,
				FC3B30642318500900FA66F0 /* View Controllers */,
				FC3B304623184F2900FA66F0 /* Main.storyboard */,
				FC3B304923184F2B00FA66F0 /* Assets.xcassets */,
				FC3B304E23184F2B00FA66F0 /* Info.plist */,
			);
			path = "lab-unit-testing";
			sourceTree = "<group>";
		};
		FC3B305623184F2B00FA66F0 /* lab-unit-testingTests */ = {
			isa = PBXGroup;
			children = (
				FC3B305723184F2B00FA66F0 /* lab_unit_testingTests.swift */,
				FC3B305923184F2B00FA66F0 /* Info.plist */,
			);
			path = "lab-unit-testingTests";
			sourceTree = "<group>";
		};
		FC3B30642318500900FA66F0 /* View Controllers */ = {
			isa = PBXGroup;
			children = (
				FC3B306223184FFD00FA66F0 /* RandomJokeViewController.swift */,
			);
			path = "View Controllers";
			sourceTree = "<group>";
		};
		FC3B30652318504E00FA66F0 /* Supporting Files */ = {
			isa = PBXGroup;
			children = (
				FC3B304223184F2900FA66F0 /* AppDelegate.swift */,
				FC3B304B23184F2B00FA66F0 /* LaunchScreen.storyboard */,
			);
			path = "Supporting Files";
			sourceTree = "<group>";
		};
		FC3B30682318507900FA66F0 /* Models */ = {
			isa = PBXGroup;
			children = (
				FC3B30662318506700FA66F0 /* Joke.swift */,
				FC3B306F23185BE800FA66F0 /* StarWars.swift */,
				FC3B3074231861E600FA66F0 /* RandomFacts.swift */,
			);
			path = Models;
			sourceTree = "<group>";
		};
		FC3B306B2318513700FA66F0 /* json */ = {
			isa = PBXGroup;
			children = (
				FC3B30692318513300FA66F0 /* joke.json */,
				FC3B306D23185B5B00FA66F0 /* starwars.json */,
				FC3B3072231861D200FA66F0 /* randomfacts.json */,
			);
			path = json;
			sourceTree = "<group>";
		};
/* End PBXGroup section */

/* Begin PBXNativeTarget section */
		FC3B303E23184F2800FA66F0 /* lab-unit-testing */ = {
			isa = PBXNativeTarget;
			buildConfigurationList = FC3B305C23184F2B00FA66F0 /* Build configuration list for PBXNativeTarget "lab-unit-testing" */;
			buildPhases = (
				FC3B303B23184F2800FA66F0 /* Sources */,
				FC3B303C23184F2800FA66F0 /* Frameworks */,
				FC3B303D23184F2800FA66F0 /* Resources */,
			);
			buildRules = (
			);
			dependencies = (
			);
			name = "lab-unit-testing";
			productName = "lab-unit-testing";
			productReference = FC3B303F23184F2900FA66F0 /* lab-unit-testing.app */;
			productType = "com.apple.product-type.application";
		};
		FC3B305223184F2B00FA66F0 /* lab-unit-testingTests */ = {
			isa = PBXNativeTarget;
			buildConfigurationList = FC3B305F23184F2B00FA66F0 /* Build configuration list for PBXNativeTarget "lab-unit-testingTests" */;
			buildPhases = (
				FC3B304F23184F2B00FA66F0 /* Sources */,
				FC3B305023184F2B00FA66F0 /* Frameworks */,
				FC3B305123184F2B00FA66F0 /* Resources */,
			);
			buildRules = (
			);
			dependencies = (
				FC3B305523184F2B00FA66F0 /* PBXTargetDependency */,
			);
			name = "lab-unit-testingTests";
			productName = "lab-unit-testingTests";
			productReference = FC3B305323184F2B00FA66F0 /* lab-unit-testingTests.xctest */;
			productType = "com.apple.product-type.bundle.unit-test";
		};
/* End PBXNativeTarget section */

/* Begin PBXProject section */
		FC3B303723184F2800FA66F0 /* Project object */ = {
			isa = PBXProject;
			attributes = {
				LastSwiftUpdateCheck = 1030;
				LastUpgradeCheck = 1030;
				ORGANIZATIONNAME = "Levi Davis";
				TargetAttributes = {
					FC3B303E23184F2800FA66F0 = {
						CreatedOnToolsVersion = 10.3;
					};
					FC3B305223184F2B00FA66F0 = {
						CreatedOnToolsVersion = 10.3;
						TestTargetID = FC3B303E23184F2800FA66F0;
					};
				};
			};
			buildConfigurationList = FC3B303A23184F2800FA66F0 /* Build configuration list for PBXProject "lab-unit-testing" */;
			compatibilityVersion = "Xcode 9.3";
			developmentRegion = en;
			hasScannedForEncodings = 0;
			knownRegions = (
				en,
				Base,
			);
			mainGroup = FC3B303623184F2800FA66F0;
			productRefGroup = FC3B304023184F2900FA66F0 /* Products */;
			projectDirPath = "";
			projectRoot = "";
			targets = (
				FC3B303E23184F2800FA66F0 /* lab-unit-testing */,
				FC3B305223184F2B00FA66F0 /* lab-unit-testingTests */,
			);
		};
/* End PBXProject section */

/* Begin PBXResourcesBuildPhase section */
		FC3B303D23184F2800FA66F0 /* Resources */ = {
			isa = PBXResourcesBuildPhase;
			buildActionMask = 2147483647;
			files = (
				FC3B3073231861D200FA66F0 /* randomfacts.json in Resources */,
				FC3B304D23184F2B00FA66F0 /* LaunchScreen.storyboard in Resources */,
				FC3B306E23185B5B00FA66F0 /* starwars.json in Resources */,
				FC3B304A23184F2B00FA66F0 /* Assets.xcassets in Resources */,
				FC3B306A2318513400FA66F0 /* joke.json in Resources */,
				FC3B304823184F2900FA66F0 /* Main.storyboard in Resources */,
			);
			runOnlyForDeploymentPostprocessing = 0;
		};
		FC3B305123184F2B00FA66F0 /* Resources */ = {
			isa = PBXResourcesBuildPhase;
			buildActionMask = 2147483647;
			files = (
			);
			runOnlyForDeploymentPostprocessing = 0;
		};
/* End PBXResourcesBuildPhase section */

/* Begin PBXSourcesBuildPhase section */
		FC3B303B23184F2800FA66F0 /* Sources */ = {
			isa = PBXSourcesBuildPhase;
			buildActionMask = 2147483647;
			files = (
				FC3B307023185BE800FA66F0 /* StarWars.swift in Sources */,
				FC3B3075231861E600FA66F0 /* RandomFacts.swift in Sources */,
				FC3B306323184FFD00FA66F0 /* RandomJokeViewController.swift in Sources */,
				FC3B304323184F2900FA66F0 /* AppDelegate.swift in Sources */,
				FC3B30672318506700FA66F0 /* Joke.swift in Sources */,
			);
			runOnlyForDeploymentPostprocessing = 0;
		};
		FC3B304F23184F2B00FA66F0 /* Sources */ = {
			isa = PBXSourcesBuildPhase;
			buildActionMask = 2147483647;
			files = (
				FC3B306C2318518F00FA66F0 /* Joke.swift in Sources */,
				FC3B30712318606300FA66F0 /* StarWars.swift in Sources */,
				FC3B30762318628D00FA66F0 /* RandomFacts.swift in Sources */,
				FC3B305823184F2B00FA66F0 /* lab_unit_testingTests.swift in Sources */,
			);
			runOnlyForDeploymentPostprocessing = 0;
		};
/* End PBXSourcesBuildPhase section */

/* Begin PBXTargetDependency section */
		FC3B305523184F2B00FA66F0 /* PBXTargetDependency */ = {
			isa = PBXTargetDependency;
			target = FC3B303E23184F2800FA66F0 /* lab-unit-testing */;
			targetProxy = FC3B305423184F2B00FA66F0 /* PBXContainerItemProxy */;
		};
/* End PBXTargetDependency section */

/* Begin PBXVariantGroup section */
		FC3B304623184F2900FA66F0 /* Main.storyboard */ = {
			isa = PBXVariantGroup;
			children = (
				FC3B304723184F2900FA66F0 /* Base */,
			);
			name = Main.storyboard;
			sourceTree = "<group>";
		};
		FC3B304B23184F2B00FA66F0 /* LaunchScreen.storyboard */ = {
			isa = PBXVariantGroup;
			children = (
				FC3B304C23184F2B00FA66F0 /* Base */,
			);
			name = LaunchScreen.storyboard;
			sourceTree = "<group>";
		};
/* End PBXVariantGroup section */

/* Begin XCBuildConfiguration section */
		FC3B305A23184F2B00FA66F0 /* Debug */ = {
			isa = XCBuildConfiguration;
			buildSettings = {
				ALWAYS_SEARCH_USER_PATHS = NO;
				CLANG_ANALYZER_NONNULL = YES;
				CLANG_ANALYZER_NUMBER_OBJECT_CONVERSION = YES_AGGRESSIVE;
				CLANG_CXX_LANGUAGE_STANDARD = "gnu++14";
				CLANG_CXX_LIBRARY = "libc++";
				CLANG_ENABLE_MODULES = YES;
				CLANG_ENABLE_OBJC_ARC = YES;
				CLANG_ENABLE_OBJC_WEAK = YES;
				CLANG_WARN_BLOCK_CAPTURE_AUTORELEASING = YES;
				CLANG_WARN_BOOL_CONVERSION = YES;
				CLANG_WARN_COMMA = YES;
				CLANG_WARN_CONSTANT_CONVERSION = YES;
				CLANG_WARN_DEPRECATED_OBJC_IMPLEMENTATIONS = YES;
				CLANG_WARN_DIRECT_OBJC_ISA_USAGE = YES_ERROR;
				CLANG_WARN_DOCUMENTATION_COMMENTS = YES;
				CLANG_WARN_EMPTY_BODY = YES;
				CLANG_WARN_ENUM_CONVERSION = YES;
				CLANG_WARN_INFINITE_RECURSION = YES;
				CLANG_WARN_INT_CONVERSION = YES;
				CLANG_WARN_NON_LITERAL_NULL_CONVERSION = YES;
				CLANG_WARN_OBJC_IMPLICIT_RETAIN_SELF = YES;
				CLANG_WARN_OBJC_LITERAL_CONVERSION = YES;
				CLANG_WARN_OBJC_ROOT_CLASS = YES_ERROR;
				CLANG_WARN_RANGE_LOOP_ANALYSIS = YES;
				CLANG_WARN_STRICT_PROTOTYPES = YES;
				CLANG_WARN_SUSPICIOUS_MOVE = YES;
				CLANG_WARN_UNGUARDED_AVAILABILITY = YES_AGGRESSIVE;
				CLANG_WARN_UNREACHABLE_CODE = YES;
				CLANG_WARN__DUPLICATE_METHOD_MATCH = YES;
				CODE_SIGN_IDENTITY = "iPhone Developer";
				COPY_PHASE_STRIP = NO;
				DEBUG_INFORMATION_FORMAT = dwarf;
				ENABLE_STRICT_OBJC_MSGSEND = YES;
				ENABLE_TESTABILITY = YES;
				GCC_C_LANGUAGE_STANDARD = gnu11;
				GCC_DYNAMIC_NO_PIC = NO;
				GCC_NO_COMMON_BLOCKS = YES;
				GCC_OPTIMIZATION_LEVEL = 0;
				GCC_PREPROCESSOR_DEFINITIONS = (
					"DEBUG=1",
					"$(inherited)",
				);
				GCC_WARN_64_TO_32_BIT_CONVERSION = YES;
				GCC_WARN_ABOUT_RETURN_TYPE = YES_ERROR;
				GCC_WARN_UNDECLARED_SELECTOR = YES;
				GCC_WARN_UNINITIALIZED_AUTOS = YES_AGGRESSIVE;
				GCC_WARN_UNUSED_FUNCTION = YES;
				GCC_WARN_UNUSED_VARIABLE = YES;
				IPHONEOS_DEPLOYMENT_TARGET = 12.4;
				MTL_ENABLE_DEBUG_INFO = INCLUDE_SOURCE;
				MTL_FAST_MATH = YES;
				ONLY_ACTIVE_ARCH = YES;
				SDKROOT = iphoneos;
				SWIFT_ACTIVE_COMPILATION_CONDITIONS = DEBUG;
				SWIFT_OPTIMIZATION_LEVEL = "-Onone";
			};
			name = Debug;
		};
		FC3B305B23184F2B00FA66F0 /* Release */ = {
			isa = XCBuildConfiguration;
			buildSettings = {
				ALWAYS_SEARCH_USER_PATHS = NO;
				CLANG_ANALYZER_NONNULL = YES;
				CLANG_ANALYZER_NUMBER_OBJECT_CONVERSION = YES_AGGRESSIVE;
				CLANG_CXX_LANGUAGE_STANDARD = "gnu++14";
				CLANG_CXX_LIBRARY = "libc++";
				CLANG_ENABLE_MODULES = YES;
				CLANG_ENABLE_OBJC_ARC = YES;
				CLANG_ENABLE_OBJC_WEAK = YES;
				CLANG_WARN_BLOCK_CAPTURE_AUTORELEASING = YES;
				CLANG_WARN_BOOL_CONVERSION = YES;
				CLANG_WARN_COMMA = YES;
				CLANG_WARN_CONSTANT_CONVERSION = YES;
				CLANG_WARN_DEPRECATED_OBJC_IMPLEMENTATIONS = YES;
				CLANG_WARN_DIRECT_OBJC_ISA_USAGE = YES_ERROR;
				CLANG_WARN_DOCUMENTATION_COMMENTS = YES;
				CLANG_WARN_EMPTY_BODY = YES;
				CLANG_WARN_ENUM_CONVERSION = YES;
				CLANG_WARN_INFINITE_RECURSION = YES;
				CLANG_WARN_INT_CONVERSION = YES;
				CLANG_WARN_NON_LITERAL_NULL_CONVERSION = YES;
				CLANG_WARN_OBJC_IMPLICIT_RETAIN_SELF = YES;
				CLANG_WARN_OBJC_LITERAL_CONVERSION = YES;
				CLANG_WARN_OBJC_ROOT_CLASS = YES_ERROR;
				CLANG_WARN_RANGE_LOOP_ANALYSIS = YES;
				CLANG_WARN_STRICT_PROTOTYPES = YES;
				CLANG_WARN_SUSPICIOUS_MOVE = YES;
				CLANG_WARN_UNGUARDED_AVAILABILITY = YES_AGGRESSIVE;
				CLANG_WARN_UNREACHABLE_CODE = YES;
				CLANG_WARN__DUPLICATE_METHOD_MATCH = YES;
				CODE_SIGN_IDENTITY = "iPhone Developer";
				COPY_PHASE_STRIP = NO;
				DEBUG_INFORMATION_FORMAT = "dwarf-with-dsym";
				ENABLE_NS_ASSERTIONS = NO;
				ENABLE_STRICT_OBJC_MSGSEND = YES;
				GCC_C_LANGUAGE_STANDARD = gnu11;
				GCC_NO_COMMON_BLOCKS = YES;
				GCC_WARN_64_TO_32_BIT_CONVERSION = YES;
				GCC_WARN_ABOUT_RETURN_TYPE = YES_ERROR;
				GCC_WARN_UNDECLARED_SELECTOR = YES;
				GCC_WARN_UNINITIALIZED_AUTOS = YES_AGGRESSIVE;
				GCC_WARN_UNUSED_FUNCTION = YES;
				GCC_WARN_UNUSED_VARIABLE = YES;
				IPHONEOS_DEPLOYMENT_TARGET = 12.4;
				MTL_ENABLE_DEBUG_INFO = NO;
				MTL_FAST_MATH = YES;
				SDKROOT = iphoneos;
				SWIFT_COMPILATION_MODE = wholemodule;
				SWIFT_OPTIMIZATION_LEVEL = "-O";
				VALIDATE_PRODUCT = YES;
			};
			name = Release;
		};
		FC3B305D23184F2B00FA66F0 /* Debug */ = {
			isa = XCBuildConfiguration;
			buildSettings = {
				ASSETCATALOG_COMPILER_APPICON_NAME = AppIcon;
				CODE_SIGN_STYLE = Automatic;
				INFOPLIST_FILE = "lab-unit-testing/Info.plist";
				LD_RUNPATH_SEARCH_PATHS = (
					"$(inherited)",
					"@executable_path/Frameworks",
				);
				PRODUCT_BUNDLE_IDENTIFIER = "com-example.lab-unit-testing";
				PRODUCT_NAME = "$(TARGET_NAME)";
				SWIFT_VERSION = 5.0;
				TARGETED_DEVICE_FAMILY = "1,2";
			};
			name = Debug;
		};
		FC3B305E23184F2B00FA66F0 /* Release */ = {
			isa = XCBuildConfiguration;
			buildSettings = {
				ASSETCATALOG_COMPILER_APPICON_NAME = AppIcon;
				CODE_SIGN_STYLE = Automatic;
				INFOPLIST_FILE = "lab-unit-testing/Info.plist";
				LD_RUNPATH_SEARCH_PATHS = (
					"$(inherited)",
					"@executable_path/Frameworks",
				);
				PRODUCT_BUNDLE_IDENTIFIER = "com-example.lab-unit-testing";
				PRODUCT_NAME = "$(TARGET_NAME)";
				SWIFT_VERSION = 5.0;
				TARGETED_DEVICE_FAMILY = "1,2";
			};
			name = Release;
		};
		FC3B306023184F2B00FA66F0 /* Debug */ = {
			isa = XCBuildConfiguration;
			buildSettings = {
				ALWAYS_EMBED_SWIFT_STANDARD_LIBRARIES = YES;
				BUNDLE_LOADER = "$(TEST_HOST)";
				CODE_SIGN_STYLE = Automatic;
				INFOPLIST_FILE = "lab-unit-testingTests/Info.plist";
				LD_RUNPATH_SEARCH_PATHS = (
					"$(inherited)",
					"@executable_path/Frameworks",
					"@loader_path/Frameworks",
				);
				PRODUCT_BUNDLE_IDENTIFIER = "com-example.lab-unit-testingTests";
				PRODUCT_NAME = "$(TARGET_NAME)";
				SWIFT_VERSION = 5.0;
				TARGETED_DEVICE_FAMILY = "1,2";
				TEST_HOST = "$(BUILT_PRODUCTS_DIR)/lab-unit-testing.app/lab-unit-testing";
			};
			name = Debug;
		};
		FC3B306123184F2B00FA66F0 /* Release */ = {
			isa = XCBuildConfiguration;
			buildSettings = {
				ALWAYS_EMBED_SWIFT_STANDARD_LIBRARIES = YES;
				BUNDLE_LOADER = "$(TEST_HOST)";
				CODE_SIGN_STYLE = Automatic;
				INFOPLIST_FILE = "lab-unit-testingTests/Info.plist";
				LD_RUNPATH_SEARCH_PATHS = (
					"$(inherited)",
					"@executable_path/Frameworks",
					"@loader_path/Frameworks",
				);
				PRODUCT_BUNDLE_IDENTIFIER = "com-example.lab-unit-testingTests";
				PRODUCT_NAME = "$(TARGET_NAME)";
				SWIFT_VERSION = 5.0;
				TARGETED_DEVICE_FAMILY = "1,2";
				TEST_HOST = "$(BUILT_PRODUCTS_DIR)/lab-unit-testing.app/lab-unit-testing";
			};
			name = Release;
		};
/* End XCBuildConfiguration section */

/* Begin XCConfigurationList section */
		FC3B303A23184F2800FA66F0 /* Build configuration list for PBXProject "lab-unit-testing" */ = {
			isa = XCConfigurationList;
			buildConfigurations = (
				FC3B305A23184F2B00FA66F0 /* Debug */,
				FC3B305B23184F2B00FA66F0 /* Release */,
			);
			defaultConfigurationIsVisible = 0;
			defaultConfigurationName = Release;
		};
		FC3B305C23184F2B00FA66F0 /* Build configuration list for PBXNativeTarget "lab-unit-testing" */ = {
			isa = XCConfigurationList;
			buildConfigurations = (
				FC3B305D23184F2B00FA66F0 /* Debug */,
				FC3B305E23184F2B00FA66F0 /* Release */,
			);
			defaultConfigurationIsVisible = 0;
			defaultConfigurationName = Release;
		};
		FC3B305F23184F2B00FA66F0 /* Build configuration list for PBXNativeTarget "lab-unit-testingTests" */ = {
			isa = XCConfigurationList;
			buildConfigurations = (
				FC3B306023184F2B00FA66F0 /* Debug */,
				FC3B306123184F2B00FA66F0 /* Release */,
			);
			defaultConfigurationIsVisible = 0;
			defaultConfigurationName = Release;
		};
/* End XCConfigurationList section */
	};
	rootObject = FC3B303723184F2800FA66F0 /* Project object */;
}
